{
  "name": "autoiv",
  "version": "1.0.0",
  "lockfileVersion": 3,
  "requires": true,
  "packages": {
    "": {
      "name": "autoiv",
      "version": "1.0.0",
      "license": "ISC",
      "dependencies": {
        "gojs": "^2.3.2"
      }
    },
    "node_modules/gojs": {
      "version": "2.3.2",
      "resolved": "https://registry.npmjs.org/gojs/-/gojs-2.3.2.tgz",
      "integrity": "sha512-6cEpY41MUkqh+5F4cwjfDSyw8kuX2yy8snqnBctt3iFvQx7bpB6zzuDrlPhxc3Dq57hECt/sTe419hG/RoBr0g=="
    }
  }
}
